
Microsoft Visual Studio Solution File, Format Version 12.00
# Visual Studio Version 17
VisualStudioVersion = 17.8.34511.84
MinimumVisualStudioVersion = 10.0.40219.1
Project("{FAE04EC0-301F-11D3-BF4B-00C04F79EFBC}") = "MonthlyClaimSystem_POEPart2", "MonthlyClaimSystem_POEPart2.csproj", "{8B58EB57-77AB-46DD-81D1-51C0BCCF143F}"
EndProject
Project("{FAE04EC0-301F-11D3-BF4B-00C04F79EFBC}") = "MonthlyClaimSystem_POEPart2.Tests", "..\MonthlyClaimSystem_POEPart2.Tests\MonthlyClaimSystem_POEPart2.Tests.csproj", "{A75FDB45-3AC1-4E83-9372-5BDB2EBE2901}"
EndProject
Global
	GlobalSection(SolutionConfigurationPlatforms) = preSolution
		Debug|Any CPU = Debug|Any CPU
		Release|Any CPU = Release|Any CPU
	EndGlobalSection
	GlobalSection(ProjectConfigurationPlatforms) = postSolution
		{8B58EB57-77AB-46DD-81D1-51C0BCCF143F}.Debug|Any CPU.ActiveCfg = Debug|Any CPU
		{8B58EB57-77AB-46DD-81D1-51C0BCCF143F}.Debug|Any CPU.Build.0 = Debug|Any CPU
		{8B58EB57-77AB-46DD-81D1-51C0BCCF143F}.Release|Any CPU.ActiveCfg = Release|Any CPU
		{8B58EB57-77AB-46DD-81D1-51C0BCCF143F}.Release|Any CPU.Build.0 = Release|Any CPU
		{A75FDB45-3AC1-4E83-9372-5BDB2EBE2901}.Debug|Any CPU.ActiveCfg = Debug|Any CPU
		{A75FDB45-3AC1-4E83-9372-5BDB2EBE2901}.Debug|Any CPU.Build.0 = Debug|Any CPU
		{A75FDB45-3AC1-4E83-9372-5BDB2EBE2901}.Release|Any CPU.ActiveCfg = Release|Any CPU
		{A75FDB45-3AC1-4E83-9372-5BDB2EBE2901}.Release|Any CPU.Build.0 = Release|Any CPU
	EndGlobalSection
	GlobalSection(SolutionProperties) = preSolution
		HideSolutionNode = FALSE
	EndGlobalSection
	GlobalSection(ExtensibilityGlobals) = postSolution
		SolutionGuid = {EEBD9DF1-B648-48CC-906B-E380E3C235D9}
	EndGlobalSection
EndGlobal
